
Microsoft Visual Studio Solution File, Format Version 12.00
Project("{FAE04EC0-301F-11D3-BF4B-00C04F79EFBC}") = "Waffle.DeltaruneSaveApi", "Waffle.DeltaruneSaveApi\Waffle.DeltaruneSaveApi.csproj", "{78B0DF74-DC91-40C2-8DC0-2C5763732243}"
EndProject
Project("{FAE04EC0-301F-11D3-BF4B-00C04F79EFBC}") = "Waffle.DeltaruneSaveApi.Tests", "Waffle.DeltaruneSaveApi.Tests\Waffle.DeltaruneSaveApi.Tests.csproj", "{3768759E-7AB5-405E-B876-378CB42D16D0}"
EndProject
Global
	GlobalSection(SolutionConfigurationPlatforms) = preSolution
		Debug|Any CPU = Debug|Any CPU
		Release|Any CPU = Release|Any CPU
	EndGlobalSection
	GlobalSection(ProjectConfigurationPlatforms) = postSolution
		{78B0DF74-DC91-40C2-8DC0-2C5763732243}.Debug|Any CPU.ActiveCfg = Debug|Any CPU
		{78B0DF74-DC91-40C2-8DC0-2C5763732243}.Debug|Any CPU.Build.0 = Debug|Any CPU
		{78B0DF74-DC91-40C2-8DC0-2C5763732243}.Release|Any CPU.ActiveCfg = Release|Any CPU
		{78B0DF74-DC91-40C2-8DC0-2C5763732243}.Release|Any CPU.Build.0 = Release|Any CPU
		{3768759E-7AB5-405E-B876-378CB42D16D0}.Debug|Any CPU.ActiveCfg = Debug|Any CPU
		{3768759E-7AB5-405E-B876-378CB42D16D0}.Debug|Any CPU.Build.0 = Debug|Any CPU
		{3768759E-7AB5-405E-B876-378CB42D16D0}.Release|Any CPU.ActiveCfg = Release|Any CPU
		{3768759E-7AB5-405E-B876-378CB42D16D0}.Release|Any CPU.Build.0 = Release|Any CPU
	EndGlobalSection
EndGlobal
